
Microsoft Visual Studio Solution File, Format Version 12.00
# Visual Studio Version 17
VisualStudioVersion = 17.9.34607.119
MinimumVisualStudioVersion = 10.0.40219.1
Project("{FAE04EC0-301F-11D3-BF4B-00C04F79EFBC}") = "desafio-tdd", "desafio-tdd\desafio-tdd.csproj", "{9E38B698-0065-4046-B690-31E8A70FD3D7}"
EndProject
Project("{FAE04EC0-301F-11D3-BF4B-00C04F79EFBC}") = "desafio-tdd-tests", "desafio-tdd-tests\desafio-tdd-tests.csproj", "{3A6E3D80-3EBC-4B9F-AAF7-5EFA395886E7}"
EndProject
Global
	GlobalSection(SolutionConfigurationPlatforms) = preSolution
		Debug|Any CPU = Debug|Any CPU
		Release|Any CPU = Release|Any CPU
	EndGlobalSection
	GlobalSection(ProjectConfigurationPlatforms) = postSolution
		{9E38B698-0065-4046-B690-31E8A70FD3D7}.Debug|Any CPU.ActiveCfg = Debug|Any CPU
		{9E38B698-0065-4046-B690-31E8A70FD3D7}.Debug|Any CPU.Build.0 = Debug|Any CPU
		{9E38B698-0065-4046-B690-31E8A70FD3D7}.Release|Any CPU.ActiveCfg = Release|Any CPU
		{9E38B698-0065-4046-B690-31E8A70FD3D7}.Release|Any CPU.Build.0 = Release|Any CPU
		{3A6E3D80-3EBC-4B9F-AAF7-5EFA395886E7}.Debug|Any CPU.ActiveCfg = Debug|Any CPU
		{3A6E3D80-3EBC-4B9F-AAF7-5EFA395886E7}.Debug|Any CPU.Build.0 = Debug|Any CPU
		{3A6E3D80-3EBC-4B9F-AAF7-5EFA395886E7}.Release|Any CPU.ActiveCfg = Release|Any CPU
		{3A6E3D80-3EBC-4B9F-AAF7-5EFA395886E7}.Release|Any CPU.Build.0 = Release|Any CPU
	EndGlobalSection
	GlobalSection(SolutionProperties) = preSolution
		HideSolutionNode = FALSE
	EndGlobalSection
	GlobalSection(ExtensibilityGlobals) = postSolution
		SolutionGuid = {7064DEBC-2590-4FDA-B901-A0BAA8731300}
	EndGlobalSection
EndGlobal
